
Microsoft Visual Studio Solution File, Format Version 12.00
# Visual Studio Version 16
VisualStudioVersion = 16.0.29613.14
MinimumVisualStudioVersion = 10.0.40219.1
Project("{FAE04EC0-301F-11D3-BF4B-00C04F79EFBC}") = "ServiceBus.Sender", "ServiceBus.Sender\ServiceBus.Sender.csproj", "{76F83610-E95D-4AD0-A09B-004F8D84752B}"
EndProject
Project("{FAE04EC0-301F-11D3-BF4B-00C04F79EFBC}") = "SharedModels", "SharedModels\SharedModels.csproj", "{D26487BC-2CE6-4293-9C25-4323F67870F4}"
EndProject
Project("{FAE04EC0-301F-11D3-BF4B-00C04F79EFBC}") = "ServiceBus.Receiver", "ServiceBus.Receiver\ServiceBus.Receiver.csproj", "{C9B2AC2E-6F67-44FF-AD29-57A8385CB82D}"
EndProject
Global
	GlobalSection(SolutionConfigurationPlatforms) = preSolution
		Debug|Any CPU = Debug|Any CPU
		Release|Any CPU = Release|Any CPU
	EndGlobalSection
	GlobalSection(ProjectConfigurationPlatforms) = postSolution
		{76F83610-E95D-4AD0-A09B-004F8D84752B}.Debug|Any CPU.ActiveCfg = Debug|Any CPU
		{76F83610-E95D-4AD0-A09B-004F8D84752B}.Debug|Any CPU.Build.0 = Debug|Any CPU
		{76F83610-E95D-4AD0-A09B-004F8D84752B}.Release|Any CPU.ActiveCfg = Release|Any CPU
		{76F83610-E95D-4AD0-A09B-004F8D84752B}.Release|Any CPU.Build.0 = Release|Any CPU
		{D26487BC-2CE6-4293-9C25-4323F67870F4}.Debug|Any CPU.ActiveCfg = Debug|Any CPU
		{D26487BC-2CE6-4293-9C25-4323F67870F4}.Debug|Any CPU.Build.0 = Debug|Any CPU
		{D26487BC-2CE6-4293-9C25-4323F67870F4}.Release|Any CPU.ActiveCfg = Release|Any CPU
		{D26487BC-2CE6-4293-9C25-4323F67870F4}.Release|Any CPU.Build.0 = Release|Any CPU
		{C9B2AC2E-6F67-44FF-AD29-57A8385CB82D}.Debug|Any CPU.ActiveCfg = Debug|Any CPU
		{C9B2AC2E-6F67-44FF-AD29-57A8385CB82D}.Debug|Any CPU.Build.0 = Debug|Any CPU
		{C9B2AC2E-6F67-44FF-AD29-57A8385CB82D}.Release|Any CPU.ActiveCfg = Release|Any CPU
		{C9B2AC2E-6F67-44FF-AD29-57A8385CB82D}.Release|Any CPU.Build.0 = Release|Any CPU
	EndGlobalSection
	GlobalSection(SolutionProperties) = preSolution
		HideSolutionNode = FALSE
	EndGlobalSection
	GlobalSection(ExtensibilityGlobals) = postSolution
		SolutionGuid = {FC24FD53-53DB-488B-9EBF-F2AF299C3214}
	EndGlobalSection
EndGlobal
